
Microsoft Visual Studio Solution File, Format Version 12.00
# Visual Studio Version 17
VisualStudioVersion = 17.0.31903.59
MinimumVisualStudioVersion = 10.0.40219.1
Project("{FAE04EC0-301F-11D3-BF4B-00C04F79EFBC}") = "Practice_NTT_Framework", "Practice_NTT_Framework\Practice_NTT_Framework.csproj", "{8FA31DB7-6956-4808-B74A-380EA79F433B}"
EndProject
Global
	GlobalSection(SolutionConfigurationPlatforms) = preSolution
		Debug|Any CPU = Debug|Any CPU
		Release|Any CPU = Release|Any CPU
	EndGlobalSection
	GlobalSection(ProjectConfigurationPlatforms) = postSolution
		{8FA31DB7-6956-4808-B74A-380EA79F433B}.Debug|Any CPU.ActiveCfg = Debug|Any CPU
		{8FA31DB7-6956-4808-B74A-380EA79F433B}.Debug|Any CPU.Build.0 = Debug|Any CPU
		{8FA31DB7-6956-4808-B74A-380EA79F433B}.Release|Any CPU.ActiveCfg = Release|Any CPU
		{8FA31DB7-6956-4808-B74A-380EA79F433B}.Release|Any CPU.Build.0 = Release|Any CPU
	EndGlobalSection
	GlobalSection(SolutionProperties) = preSolution
		HideSolutionNode = FALSE
	EndGlobalSection
	GlobalSection(ExtensibilityGlobals) = postSolution
		SolutionGuid = {29135957-CE92-4D20-A19C-017C71B5E511}
	EndGlobalSection
EndGlobal
